{
  "lockfileVersion": 1,
  "configVersion": 1,
  "workspaces": {
    "": {
      "name": "api-server",
      "dependencies": {
        "@vercel/kv": "^3.0.0",
      },
    },
  },
  "packages": {
    "@upstash/redis": ["@upstash/redis@1.38.3", "", { "dependencies": { "uncrypto": "^0.1.3" } }, "sha512-vtS0BonQHU6kDSWvHTISh+LOuLIEk+jeMXebv20CDJ/aHGOG085SGa8OpI+I+Ow8WgPFhqH23XG8kQ2LXXRnag=="],

    "@vercel/kv": ["@vercel/kv@3.0.0", "", { "dependencies": { "@upstash/redis": "^1.34.0" } }, "sha512-pKT8fRnfyYk2MgvyB6fn6ipJPCdfZwiKDdw7vB+HL50rjboEBHDVBEcnwfkEpVSp2AjNtoaOUH7zG+bVC/rvSg=="],

    "uncrypto": ["uncrypto@0.1.3", "", {}, "sha512-Ql87qFHB3s/De2ClA9e0gsnS6zXG27SkTiSJwjCc9MebbfapQfuPzumMIUMi38ezPZVNFcHI9sUIepeQfw8J8Q=="],
  }
}
